
Microsoft Visual Studio Solution File, Format Version 12.00
# Visual Studio Version 16
VisualStudioVersion = 16.0.31112.23
MinimumVisualStudioVersion = 10.0.40219.1
Project("{FAE04EC0-301F-11D3-BF4B-00C04F79EFBC}") = "CommonTypeExtensions", "CommonTypeExtensions\CommonTypeExtensions.csproj", "{58759358-D1B8-475C-A88E-78341015629D}"
EndProject
Project("{FAE04EC0-301F-11D3-BF4B-00C04F79EFBC}") = "Extensions.Test", "Extensions.Test\Extensions.Test.csproj", "{08E1B5A4-FA70-4DD2-A114-632375885B22}"
EndProject
Global
	GlobalSection(SolutionConfigurationPlatforms) = preSolution
		Debug|Any CPU = Debug|Any CPU
		Release|Any CPU = Release|Any CPU
	EndGlobalSection
	GlobalSection(ProjectConfigurationPlatforms) = postSolution
		{58759358-D1B8-475C-A88E-78341015629D}.Debug|Any CPU.ActiveCfg = Debug|Any CPU
		{58759358-D1B8-475C-A88E-78341015629D}.Debug|Any CPU.Build.0 = Debug|Any CPU
		{58759358-D1B8-475C-A88E-78341015629D}.Release|Any CPU.ActiveCfg = Release|Any CPU
		{58759358-D1B8-475C-A88E-78341015629D}.Release|Any CPU.Build.0 = Release|Any CPU
		{08E1B5A4-FA70-4DD2-A114-632375885B22}.Debug|Any CPU.ActiveCfg = Debug|Any CPU
		{08E1B5A4-FA70-4DD2-A114-632375885B22}.Debug|Any CPU.Build.0 = Debug|Any CPU
		{08E1B5A4-FA70-4DD2-A114-632375885B22}.Release|Any CPU.ActiveCfg = Release|Any CPU
		{08E1B5A4-FA70-4DD2-A114-632375885B22}.Release|Any CPU.Build.0 = Release|Any CPU
	EndGlobalSection
	GlobalSection(SolutionProperties) = preSolution
		HideSolutionNode = FALSE
	EndGlobalSection
	GlobalSection(ExtensibilityGlobals) = postSolution
		SolutionGuid = {2578C661-5380-40CD-8DAA-F8437F272CC3}
	EndGlobalSection
EndGlobal
